
Microsoft Visual Studio Solution File, Format Version 12.00
# Visual Studio Version 17
VisualStudioVersion = 17.8.34525.116
MinimumVisualStudioVersion = 10.0.40219.1
Project("{9A19103F-16F7-4668-BE54-9A1E7A4F7556}") = "Week4Loops", "Week4Loops\Week4Loops.csproj", "{EF163E13-0848-43BD-B9A3-F92122B43203}"
EndProject
Project("{9A19103F-16F7-4668-BE54-9A1E7A4F7556}") = "forLoopSum", "forLoopSum\forLoopSum.csproj", "{7EEBC141-2069-4527-BBFB-0438E5EFC303}"
EndProject
Project("{9A19103F-16F7-4668-BE54-9A1E7A4F7556}") = "RNG", "RNG\RNG.csproj", "{EFDAE3BB-146C-40D2-BFE2-86BF07E36D2E}"
EndProject
Project("{9A19103F-16F7-4668-BE54-9A1E7A4F7556}") = "whileLoops", "whileLoops\whileLoops.csproj", "{7469B965-FDDC-49D1-B717-2FF2F8BF8EAA}"
EndProject
Global
	GlobalSection(SolutionConfigurationPlatforms) = preSolution
		Debug|Any CPU = Debug|Any CPU
		Release|Any CPU = Release|Any CPU
	EndGlobalSection
	GlobalSection(ProjectConfigurationPlatforms) = postSolution
		{EF163E13-0848-43BD-B9A3-F92122B43203}.Debug|Any CPU.ActiveCfg = Debug|Any CPU
		{EF163E13-0848-43BD-B9A3-F92122B43203}.Debug|Any CPU.Build.0 = Debug|Any CPU
		{EF163E13-0848-43BD-B9A3-F92122B43203}.Release|Any CPU.ActiveCfg = Release|Any CPU
		{EF163E13-0848-43BD-B9A3-F92122B43203}.Release|Any CPU.Build.0 = Release|Any CPU
		{7EEBC141-2069-4527-BBFB-0438E5EFC303}.Debug|Any CPU.ActiveCfg = Debug|Any CPU
		{7EEBC141-2069-4527-BBFB-0438E5EFC303}.Debug|Any CPU.Build.0 = Debug|Any CPU
		{7EEBC141-2069-4527-BBFB-0438E5EFC303}.Release|Any CPU.ActiveCfg = Release|Any CPU
		{7EEBC141-2069-4527-BBFB-0438E5EFC303}.Release|Any CPU.Build.0 = Release|Any CPU
		{EFDAE3BB-146C-40D2-BFE2-86BF07E36D2E}.Debug|Any CPU.ActiveCfg = Debug|Any CPU
		{EFDAE3BB-146C-40D2-BFE2-86BF07E36D2E}.Debug|Any CPU.Build.0 = Debug|Any CPU
		{EFDAE3BB-146C-40D2-BFE2-86BF07E36D2E}.Release|Any CPU.ActiveCfg = Release|Any CPU
		{EFDAE3BB-146C-40D2-BFE2-86BF07E36D2E}.Release|Any CPU.Build.0 = Release|Any CPU
		{7469B965-FDDC-49D1-B717-2FF2F8BF8EAA}.Debug|Any CPU.ActiveCfg = Debug|Any CPU
		{7469B965-FDDC-49D1-B717-2FF2F8BF8EAA}.Debug|Any CPU.Build.0 = Debug|Any CPU
		{7469B965-FDDC-49D1-B717-2FF2F8BF8EAA}.Release|Any CPU.ActiveCfg = Release|Any CPU
		{7469B965-FDDC-49D1-B717-2FF2F8BF8EAA}.Release|Any CPU.Build.0 = Release|Any CPU
	EndGlobalSection
	GlobalSection(SolutionProperties) = preSolution
		HideSolutionNode = FALSE
	EndGlobalSection
	GlobalSection(ExtensibilityGlobals) = postSolution
		SolutionGuid = {A863A177-4503-44FE-A47E-7F37621F0365}
	EndGlobalSection
EndGlobal
